
Microsoft Visual Studio Solution File, Format Version 12.00
# Visual Studio Version 17
VisualStudioVersion = 17.13.35931.197 d17.13
MinimumVisualStudioVersion = 10.0.40219.1
Project("{888888A0-9F3D-457C-B088-3A5042F75D52}") = "Starfield remake by nebula v1", "Starfield remake by nebula v1.pyproj", "{7D7C5E17-4FFA-45BF-A7FC-295BC8AE198E}"
EndProject
Global
	GlobalSection(SolutionConfigurationPlatforms) = preSolution
		Debug|Any CPU = Debug|Any CPU
		Release|Any CPU = Release|Any CPU
	EndGlobalSection
	GlobalSection(ProjectConfigurationPlatforms) = postSolution
		{7D7C5E17-4FFA-45BF-A7FC-295BC8AE198E}.Debug|Any CPU.ActiveCfg = Debug|Any CPU
		{7D7C5E17-4FFA-45BF-A7FC-295BC8AE198E}.Release|Any CPU.ActiveCfg = Release|Any CPU
	EndGlobalSection
	GlobalSection(SolutionProperties) = preSolution
		HideSolutionNode = FALSE
	EndGlobalSection
	GlobalSection(ExtensibilityGlobals) = postSolution
		SolutionGuid = {23404E71-BC8A-4667-AAA3-FA7A077F857A}
	EndGlobalSection
EndGlobal
